
Microsoft Visual Studio Solution File, Format Version 12.00
# Visual Studio 14
VisualStudioVersion = 14.0.23107.0
MinimumVisualStudioVersion = 10.0.40219.1
Project("{FAE04EC0-301F-11D3-BF4B-00C04F79EFBC}") = "CsharpInterviewQuestions", "CsharpInterviewQuestions\CsharpInterviewQuestions.csproj", "{EBE665FE-E562-4411-9267-4BFD055DB707}"
EndProject
Project("{FAE04EC0-301F-11D3-BF4B-00C04F79EFBC}") = "DependecyConstructorInjection", "DependecyConstructorInjection\DependecyConstructorInjection.csproj", "{13517A8D-53B5-4DBE-A98C-B4BF03BBA908}"
EndProject
Project("{FAE04EC0-301F-11D3-BF4B-00C04F79EFBC}") = "DependencyPropertyInjection", "DependencyPropertyInjection\DependencyPropertyInjection.csproj", "{83A31969-DD75-48A6-8793-2FA462DD5D9E}"
EndProject
Project("{FAE04EC0-301F-11D3-BF4B-00C04F79EFBC}") = "DependencyMethodInjection", "DependencyMethodInjection\DependencyMethodInjection.csproj", "{56A35121-7379-4EAE-B98B-DC5AC2298D79}"
EndProject
Project("{FAE04EC0-301F-11D3-BF4B-00C04F79EFBC}") = "InterfaceConcept", "InterfaceConcept\InterfaceConcept.csproj", "{216BA50A-F416-456F-A4CA-79D372D9CD98}"
EndProject
Project("{FAE04EC0-301F-11D3-BF4B-00C04F79EFBC}") = "EcplicitInterfaceImplementation", "EcplicitInterfaceImplementation\EcplicitInterfaceImplementation.csproj", "{6466DBA1-30F2-45B2-B0DD-E57AFB099F64}"
EndProject
Global
	GlobalSection(SolutionConfigurationPlatforms) = preSolution
		Debug|Any CPU = Debug|Any CPU
		Release|Any CPU = Release|Any CPU
	EndGlobalSection
	GlobalSection(ProjectConfigurationPlatforms) = postSolution
		{EBE665FE-E562-4411-9267-4BFD055DB707}.Debug|Any CPU.ActiveCfg = Debug|Any CPU
		{EBE665FE-E562-4411-9267-4BFD055DB707}.Debug|Any CPU.Build.0 = Debug|Any CPU
		{EBE665FE-E562-4411-9267-4BFD055DB707}.Release|Any CPU.ActiveCfg = Release|Any CPU
		{EBE665FE-E562-4411-9267-4BFD055DB707}.Release|Any CPU.Build.0 = Release|Any CPU
		{13517A8D-53B5-4DBE-A98C-B4BF03BBA908}.Debug|Any CPU.ActiveCfg = Debug|Any CPU
		{13517A8D-53B5-4DBE-A98C-B4BF03BBA908}.Debug|Any CPU.Build.0 = Debug|Any CPU
		{13517A8D-53B5-4DBE-A98C-B4BF03BBA908}.Release|Any CPU.ActiveCfg = Release|Any CPU
		{13517A8D-53B5-4DBE-A98C-B4BF03BBA908}.Release|Any CPU.Build.0 = Release|Any CPU
		{83A31969-DD75-48A6-8793-2FA462DD5D9E}.Debug|Any CPU.ActiveCfg = Debug|Any CPU
		{83A31969-DD75-48A6-8793-2FA462DD5D9E}.Debug|Any CPU.Build.0 = Debug|Any CPU
		{83A31969-DD75-48A6-8793-2FA462DD5D9E}.Release|Any CPU.ActiveCfg = Release|Any CPU
		{83A31969-DD75-48A6-8793-2FA462DD5D9E}.Release|Any CPU.Build.0 = Release|Any CPU
		{56A35121-7379-4EAE-B98B-DC5AC2298D79}.Debug|Any CPU.ActiveCfg = Debug|Any CPU
		{56A35121-7379-4EAE-B98B-DC5AC2298D79}.Debug|Any CPU.Build.0 = Debug|Any CPU
		{56A35121-7379-4EAE-B98B-DC5AC2298D79}.Release|Any CPU.ActiveCfg = Release|Any CPU
		{56A35121-7379-4EAE-B98B-DC5AC2298D79}.Release|Any CPU.Build.0 = Release|Any CPU
		{216BA50A-F416-456F-A4CA-79D372D9CD98}.Debug|Any CPU.ActiveCfg = Debug|Any CPU
		{216BA50A-F416-456F-A4CA-79D372D9CD98}.Debug|Any CPU.Build.0 = Debug|Any CPU
		{216BA50A-F416-456F-A4CA-79D372D9CD98}.Release|Any CPU.ActiveCfg = Release|Any CPU
		{216BA50A-F416-456F-A4CA-79D372D9CD98}.Release|Any CPU.Build.0 = Release|Any CPU
		{6466DBA1-30F2-45B2-B0DD-E57AFB099F64}.Debug|Any CPU.ActiveCfg = Debug|Any CPU
		{6466DBA1-30F2-45B2-B0DD-E57AFB099F64}.Debug|Any CPU.Build.0 = Debug|Any CPU
		{6466DBA1-30F2-45B2-B0DD-E57AFB099F64}.Release|Any CPU.ActiveCfg = Release|Any CPU
		{6466DBA1-30F2-45B2-B0DD-E57AFB099F64}.Release|Any CPU.Build.0 = Release|Any CPU
	EndGlobalSection
	GlobalSection(SolutionProperties) = preSolution
		HideSolutionNode = FALSE
	EndGlobalSection
EndGlobal
